
Microsoft Visual Studio Solution File, Format Version 12.00
# Visual Studio Version 16
VisualStudioVersion = 16.0.30621.155
MinimumVisualStudioVersion = 10.0.40219.1
Project("{FAE04EC0-301F-11D3-BF4B-00C04F79EFBC}") = "SpotifyAppApi", "SpotifyAppApi\SpotifyAppApi.csproj", "{58988DBD-1D41-4CF0-BDA8-CCB437124721}"
EndProject
Global
	GlobalSection(SolutionConfigurationPlatforms) = preSolution
		Debug|Any CPU = Debug|Any CPU
		Release|Any CPU = Release|Any CPU
	EndGlobalSection
	GlobalSection(ProjectConfigurationPlatforms) = postSolution
		{58988DBD-1D41-4CF0-BDA8-CCB437124721}.Debug|Any CPU.ActiveCfg = Debug|Any CPU
		{58988DBD-1D41-4CF0-BDA8-CCB437124721}.Debug|Any CPU.Build.0 = Debug|Any CPU
		{58988DBD-1D41-4CF0-BDA8-CCB437124721}.Release|Any CPU.ActiveCfg = Release|Any CPU
		{58988DBD-1D41-4CF0-BDA8-CCB437124721}.Release|Any CPU.Build.0 = Release|Any CPU
	EndGlobalSection
	GlobalSection(SolutionProperties) = preSolution
		HideSolutionNode = FALSE
	EndGlobalSection
	GlobalSection(ExtensibilityGlobals) = postSolution
		SolutionGuid = {8EF4F38C-1036-40F5-AB01-0019DD75A27F}
	EndGlobalSection
EndGlobal
