
Microsoft Visual Studio Solution File, Format Version 12.00
# Visual Studio Version 16
VisualStudioVersion = 16.0.30621.155
MinimumVisualStudioVersion = 10.0.40219.1
Project("{FAE04EC0-301F-11D3-BF4B-00C04F79EFBC}") = "SecureClient", "SecureClient\SecureClient.csproj", "{4EA1652D-6F9A-4D5F-A062-0CF17D6469D2}"
EndProject
Global
	GlobalSection(SolutionConfigurationPlatforms) = preSolution
		Debug|Any CPU = Debug|Any CPU
		Release|Any CPU = Release|Any CPU
	EndGlobalSection
	GlobalSection(ProjectConfigurationPlatforms) = postSolution
		{4EA1652D-6F9A-4D5F-A062-0CF17D6469D2}.Debug|Any CPU.ActiveCfg = Debug|Any CPU
		{4EA1652D-6F9A-4D5F-A062-0CF17D6469D2}.Debug|Any CPU.Build.0 = Debug|Any CPU
		{4EA1652D-6F9A-4D5F-A062-0CF17D6469D2}.Release|Any CPU.ActiveCfg = Release|Any CPU
		{4EA1652D-6F9A-4D5F-A062-0CF17D6469D2}.Release|Any CPU.Build.0 = Release|Any CPU
	EndGlobalSection
	GlobalSection(SolutionProperties) = preSolution
		HideSolutionNode = FALSE
	EndGlobalSection
	GlobalSection(ExtensibilityGlobals) = postSolution
		SolutionGuid = {CC5BD8FC-6994-4825-80CD-F064E1AA6CA9}
	EndGlobalSection
EndGlobal
